
Microsoft Visual Studio Solution File, Format Version 11.00
# Visual Studio 2010
Project("{FAE04EC0-301F-11D3-BF4B-00C04F79EFBC}") = "IoC-MVC", "IoC-MVC\IoC-MVC.csproj", "{EBCEFDF1-2825-4A4E-A9FC-9D390914FACF}"
EndProject
Global
	GlobalSection(SolutionConfigurationPlatforms) = preSolution
		Debug|Any CPU = Debug|Any CPU
		Release|Any CPU = Release|Any CPU
	EndGlobalSection
	GlobalSection(ProjectConfigurationPlatforms) = postSolution
		{EBCEFDF1-2825-4A4E-A9FC-9D390914FACF}.Debug|Any CPU.ActiveCfg = Debug|Any CPU
		{EBCEFDF1-2825-4A4E-A9FC-9D390914FACF}.Debug|Any CPU.Build.0 = Debug|Any CPU
		{EBCEFDF1-2825-4A4E-A9FC-9D390914FACF}.Release|Any CPU.ActiveCfg = Release|Any CPU
		{EBCEFDF1-2825-4A4E-A9FC-9D390914FACF}.Release|Any CPU.Build.0 = Release|Any CPU
	EndGlobalSection
	GlobalSection(SolutionProperties) = preSolution
		HideSolutionNode = FALSE
	EndGlobalSection
EndGlobal
